
Microsoft Visual Studio Solution File, Format Version 12.00
# Visual Studio 15
VisualStudioVersion = 15.0.26730.16
MinimumVisualStudioVersion = 10.0.40219.1
Project("{FAE04EC0-301F-11D3-BF4B-00C04F79EFBC}") = "Word_Counter", "Word_Counter\Word_Counter.csproj", "{E7192C6A-0F11-4E23-9D0B-DBE0AB5172FF}"
EndProject
Global
	GlobalSection(SolutionConfigurationPlatforms) = preSolution
		Debug|Any CPU = Debug|Any CPU
		Release|Any CPU = Release|Any CPU
	EndGlobalSection
	GlobalSection(ProjectConfigurationPlatforms) = postSolution
		{E7192C6A-0F11-4E23-9D0B-DBE0AB5172FF}.Debug|Any CPU.ActiveCfg = Debug|Any CPU
		{E7192C6A-0F11-4E23-9D0B-DBE0AB5172FF}.Debug|Any CPU.Build.0 = Debug|Any CPU
		{E7192C6A-0F11-4E23-9D0B-DBE0AB5172FF}.Release|Any CPU.ActiveCfg = Release|Any CPU
		{E7192C6A-0F11-4E23-9D0B-DBE0AB5172FF}.Release|Any CPU.Build.0 = Release|Any CPU
	EndGlobalSection
	GlobalSection(SolutionProperties) = preSolution
		HideSolutionNode = FALSE
	EndGlobalSection
	GlobalSection(ExtensibilityGlobals) = postSolution
		SolutionGuid = {6D39F04F-4156-497F-AD49-B6DB5101C8D9}
	EndGlobalSection
EndGlobal
